
Microsoft Visual Studio Solution File, Format Version 12.00
# Visual Studio Version 17
VisualStudioVersion = 17.0.31903.59
MinimumVisualStudioVersion = 10.0.40219.1
Project("{2150E333-8FDC-42A3-9474-1A3956D46DE8}") = "Domain", "Domain", "{996CEBED-A05B-5D42-3FF0-982E087A2599}"
EndProject
Project("{FAE04EC0-301F-11D3-BF4B-00C04F79EFBC}") = "MyBlog.Core", "Src\MyBlog.Core\MyBlog.Core.csproj", "{FA5C8F72-3A64-4F86-A06D-D98C24850702}"
EndProject
Project("{2150E333-8FDC-42A3-9474-1A3956D46DE8}") = "Presentation", "Presentation", "{06CFFD70-14AA-A959-A3BA-1B15D094E3B1}"
EndProject
Project("{FAE04EC0-301F-11D3-BF4B-00C04F79EFBC}") = "MyBlog.WebApi", "Src\MyBlog.WebApi\MyBlog.WebApi.csproj", "{A897E55F-9403-41B2-AF14-7F2D4A9FEE4B}"
EndProject
Project("{2150E333-8FDC-42A3-9474-1A3956D46DE8}") = "UseCase", "UseCase", "{C0A49C6C-3C3F-1BB7-B19F-DF25F9BA3C88}"
EndProject
Project("{FAE04EC0-301F-11D3-BF4B-00C04F79EFBC}") = "MyBlog.Application", "Src\MyBlog.Application\MyBlog.Application.csproj", "{41EFF031-016C-4CE6-93BD-7A80585E07CD}"
EndProject
Project("{2150E333-8FDC-42A3-9474-1A3956D46DE8}") = "Infrastructure", "Infrastructure", "{DFEE68D8-A7D0-1A41-506C-9B74AA9A7B7B}"
EndProject
Project("{FAE04EC0-301F-11D3-BF4B-00C04F79EFBC}") = "MyBlog.Jwt", "Src\MyBlog.Jwt\MyBlog.Jwt.csproj", "{DD3112C0-FFE3-4CC5-86A3-DDF45FCEFC11}"
EndProject
Project("{FAE04EC0-301F-11D3-BF4B-00C04F79EFBC}") = "MyBlog.Auth", "Src\MyBlog.Auth\MyBlog.Auth.csproj", "{D11DB791-6339-442A-8440-E41183416E97}"
EndProject
Project("{FAE04EC0-301F-11D3-BF4B-00C04F79EFBC}") = "MyBlog.Redis", "Src\MyBlog.Redis\MyBlog.Redis.csproj", "{82904EA5-7B2D-4B96-8DD1-5B12D9E025C1}"
EndProject
Project("{FAE04EC0-301F-11D3-BF4B-00C04F79EFBC}") = "MyBlog.Postgres", "Src\MyBlog.Postgres\MyBlog.Postgres.csproj", "{0DF89B84-BDFD-44EF-B813-5EA33C83F994}"
EndProject
Project("{FAE04EC0-301F-11D3-BF4B-00C04F79EFBC}") = "MyBlog.RabbitMq", "Src\MyBlog.RabbitMq\MyBlog.RabbitMq.csproj", "{44AC2F82-2855-4A32-942A-6B0DD95A32ED}"
EndProject
Project("{FAE04EC0-301F-11D3-BF4B-00C04F79EFBC}") = "MyBlog.BackgroundServices", "Src\MyBlog.BackgroundServices\MyBlog.BackgroundServices.csproj", "{83450CB5-4861-424F-896C-E2965FAF50F6}"
EndProject
Project("{FAE04EC0-301F-11D3-BF4B-00C04F79EFBC}") = "MyBlog.Email", "Src\MyBlog.Email\MyBlog.Email.csproj", "{10BF8E12-4DD4-4D7C-AA71-262070ECA6A8}"
EndProject
Global
	GlobalSection(SolutionConfigurationPlatforms) = preSolution
		Debug|Any CPU = Debug|Any CPU
		Debug|x64 = Debug|x64
		Debug|x86 = Debug|x86
		Release|Any CPU = Release|Any CPU
		Release|x64 = Release|x64
		Release|x86 = Release|x86
	EndGlobalSection
	GlobalSection(ProjectConfigurationPlatforms) = postSolution
		{FA5C8F72-3A64-4F86-A06D-D98C24850702}.Debug|Any CPU.ActiveCfg = Debug|Any CPU
		{FA5C8F72-3A64-4F86-A06D-D98C24850702}.Debug|Any CPU.Build.0 = Debug|Any CPU
		{FA5C8F72-3A64-4F86-A06D-D98C24850702}.Debug|x64.ActiveCfg = Debug|Any CPU
		{FA5C8F72-3A64-4F86-A06D-D98C24850702}.Debug|x64.Build.0 = Debug|Any CPU
		{FA5C8F72-3A64-4F86-A06D-D98C24850702}.Debug|x86.ActiveCfg = Debug|Any CPU
		{FA5C8F72-3A64-4F86-A06D-D98C24850702}.Debug|x86.Build.0 = Debug|Any CPU
		{FA5C8F72-3A64-4F86-A06D-D98C24850702}.Release|Any CPU.ActiveCfg = Release|Any CPU
		{FA5C8F72-3A64-4F86-A06D-D98C24850702}.Release|Any CPU.Build.0 = Release|Any CPU
		{FA5C8F72-3A64-4F86-A06D-D98C24850702}.Release|x64.ActiveCfg = Release|Any CPU
		{FA5C8F72-3A64-4F86-A06D-D98C24850702}.Release|x64.Build.0 = Release|Any CPU
		{FA5C8F72-3A64-4F86-A06D-D98C24850702}.Release|x86.ActiveCfg = Release|Any CPU
		{FA5C8F72-3A64-4F86-A06D-D98C24850702}.Release|x86.Build.0 = Release|Any CPU
		{A897E55F-9403-41B2-AF14-7F2D4A9FEE4B}.Debug|Any CPU.ActiveCfg = Debug|Any CPU
		{A897E55F-9403-41B2-AF14-7F2D4A9FEE4B}.Debug|Any CPU.Build.0 = Debug|Any CPU
		{A897E55F-9403-41B2-AF14-7F2D4A9FEE4B}.Debug|x64.ActiveCfg = Debug|Any CPU
		{A897E55F-9403-41B2-AF14-7F2D4A9FEE4B}.Debug|x64.Build.0 = Debug|Any CPU
		{A897E55F-9403-41B2-AF14-7F2D4A9FEE4B}.Debug|x86.ActiveCfg = Debug|Any CPU
		{A897E55F-9403-41B2-AF14-7F2D4A9FEE4B}.Debug|x86.Build.0 = Debug|Any CPU
		{A897E55F-9403-41B2-AF14-7F2D4A9FEE4B}.Release|Any CPU.ActiveCfg = Release|Any CPU
		{A897E55F-9403-41B2-AF14-7F2D4A9FEE4B}.Release|Any CPU.Build.0 = Release|Any CPU
		{A897E55F-9403-41B2-AF14-7F2D4A9FEE4B}.Release|x64.ActiveCfg = Release|Any CPU
		{A897E55F-9403-41B2-AF14-7F2D4A9FEE4B}.Release|x64.Build.0 = Release|Any CPU
		{A897E55F-9403-41B2-AF14-7F2D4A9FEE4B}.Release|x86.ActiveCfg = Release|Any CPU
		{A897E55F-9403-41B2-AF14-7F2D4A9FEE4B}.Release|x86.Build.0 = Release|Any CPU
		{41EFF031-016C-4CE6-93BD-7A80585E07CD}.Debug|Any CPU.ActiveCfg = Debug|Any CPU
		{41EFF031-016C-4CE6-93BD-7A80585E07CD}.Debug|Any CPU.Build.0 = Debug|Any CPU
		{41EFF031-016C-4CE6-93BD-7A80585E07CD}.Debug|x64.ActiveCfg = Debug|Any CPU
		{41EFF031-016C-4CE6-93BD-7A80585E07CD}.Debug|x64.Build.0 = Debug|Any CPU
		{41EFF031-016C-4CE6-93BD-7A80585E07CD}.Debug|x86.ActiveCfg = Debug|Any CPU
		{41EFF031-016C-4CE6-93BD-7A80585E07CD}.Debug|x86.Build.0 = Debug|Any CPU
		{41EFF031-016C-4CE6-93BD-7A80585E07CD}.Release|Any CPU.ActiveCfg = Release|Any CPU
		{41EFF031-016C-4CE6-93BD-7A80585E07CD}.Release|Any CPU.Build.0 = Release|Any CPU
		{41EFF031-016C-4CE6-93BD-7A80585E07CD}.Release|x64.ActiveCfg = Release|Any CPU
		{41EFF031-016C-4CE6-93BD-7A80585E07CD}.Release|x64.Build.0 = Release|Any CPU
		{41EFF031-016C-4CE6-93BD-7A80585E07CD}.Release|x86.ActiveCfg = Release|Any CPU
		{41EFF031-016C-4CE6-93BD-7A80585E07CD}.Release|x86.Build.0 = Release|Any CPU
		{DD3112C0-FFE3-4CC5-86A3-DDF45FCEFC11}.Debug|Any CPU.ActiveCfg = Debug|Any CPU
		{DD3112C0-FFE3-4CC5-86A3-DDF45FCEFC11}.Debug|Any CPU.Build.0 = Debug|Any CPU
		{DD3112C0-FFE3-4CC5-86A3-DDF45FCEFC11}.Debug|x64.ActiveCfg = Debug|Any CPU
		{DD3112C0-FFE3-4CC5-86A3-DDF45FCEFC11}.Debug|x64.Build.0 = Debug|Any CPU
		{DD3112C0-FFE3-4CC5-86A3-DDF45FCEFC11}.Debug|x86.ActiveCfg = Debug|Any CPU
		{DD3112C0-FFE3-4CC5-86A3-DDF45FCEFC11}.Debug|x86.Build.0 = Debug|Any CPU
		{DD3112C0-FFE3-4CC5-86A3-DDF45FCEFC11}.Release|Any CPU.ActiveCfg = Release|Any CPU
		{DD3112C0-FFE3-4CC5-86A3-DDF45FCEFC11}.Release|Any CPU.Build.0 = Release|Any CPU
		{DD3112C0-FFE3-4CC5-86A3-DDF45FCEFC11}.Release|x64.ActiveCfg = Release|Any CPU
		{DD3112C0-FFE3-4CC5-86A3-DDF45FCEFC11}.Release|x64.Build.0 = Release|Any CPU
		{DD3112C0-FFE3-4CC5-86A3-DDF45FCEFC11}.Release|x86.ActiveCfg = Release|Any CPU
		{DD3112C0-FFE3-4CC5-86A3-DDF45FCEFC11}.Release|x86.Build.0 = Release|Any CPU
		{D11DB791-6339-442A-8440-E41183416E97}.Debug|Any CPU.ActiveCfg = Debug|Any CPU
		{D11DB791-6339-442A-8440-E41183416E97}.Debug|Any CPU.Build.0 = Debug|Any CPU
		{D11DB791-6339-442A-8440-E41183416E97}.Debug|x64.ActiveCfg = Debug|Any CPU
		{D11DB791-6339-442A-8440-E41183416E97}.Debug|x64.Build.0 = Debug|Any CPU
		{D11DB791-6339-442A-8440-E41183416E97}.Debug|x86.ActiveCfg = Debug|Any CPU
		{D11DB791-6339-442A-8440-E41183416E97}.Debug|x86.Build.0 = Debug|Any CPU
		{D11DB791-6339-442A-8440-E41183416E97}.Release|Any CPU.ActiveCfg = Release|Any CPU
		{D11DB791-6339-442A-8440-E41183416E97}.Release|Any CPU.Build.0 = Release|Any CPU
		{D11DB791-6339-442A-8440-E41183416E97}.Release|x64.ActiveCfg = Release|Any CPU
		{D11DB791-6339-442A-8440-E41183416E97}.Release|x64.Build.0 = Release|Any CPU
		{D11DB791-6339-442A-8440-E41183416E97}.Release|x86.ActiveCfg = Release|Any CPU
		{D11DB791-6339-442A-8440-E41183416E97}.Release|x86.Build.0 = Release|Any CPU
		{82904EA5-7B2D-4B96-8DD1-5B12D9E025C1}.Debug|Any CPU.ActiveCfg = Debug|Any CPU
		{82904EA5-7B2D-4B96-8DD1-5B12D9E025C1}.Debug|Any CPU.Build.0 = Debug|Any CPU
		{82904EA5-7B2D-4B96-8DD1-5B12D9E025C1}.Debug|x64.ActiveCfg = Debug|Any CPU
		{82904EA5-7B2D-4B96-8DD1-5B12D9E025C1}.Debug|x64.Build.0 = Debug|Any CPU
		{82904EA5-7B2D-4B96-8DD1-5B12D9E025C1}.Debug|x86.ActiveCfg = Debug|Any CPU
		{82904EA5-7B2D-4B96-8DD1-5B12D9E025C1}.Debug|x86.Build.0 = Debug|Any CPU
		{82904EA5-7B2D-4B96-8DD1-5B12D9E025C1}.Release|Any CPU.ActiveCfg = Release|Any CPU
		{82904EA5-7B2D-4B96-8DD1-5B12D9E025C1}.Release|Any CPU.Build.0 = Release|Any CPU
		{82904EA5-7B2D-4B96-8DD1-5B12D9E025C1}.Release|x64.ActiveCfg = Release|Any CPU
		{82904EA5-7B2D-4B96-8DD1-5B12D9E025C1}.Release|x64.Build.0 = Release|Any CPU
		{82904EA5-7B2D-4B96-8DD1-5B12D9E025C1}.Release|x86.ActiveCfg = Release|Any CPU
		{82904EA5-7B2D-4B96-8DD1-5B12D9E025C1}.Release|x86.Build.0 = Release|Any CPU
		{0DF89B84-BDFD-44EF-B813-5EA33C83F994}.Debug|Any CPU.ActiveCfg = Debug|Any CPU
		{0DF89B84-BDFD-44EF-B813-5EA33C83F994}.Debug|Any CPU.Build.0 = Debug|Any CPU
		{0DF89B84-BDFD-44EF-B813-5EA33C83F994}.Debug|x64.ActiveCfg = Debug|Any CPU
		{0DF89B84-BDFD-44EF-B813-5EA33C83F994}.Debug|x64.Build.0 = Debug|Any CPU
		{0DF89B84-BDFD-44EF-B813-5EA33C83F994}.Debug|x86.ActiveCfg = Debug|Any CPU
		{0DF89B84-BDFD-44EF-B813-5EA33C83F994}.Debug|x86.Build.0 = Debug|Any CPU
		{0DF89B84-BDFD-44EF-B813-5EA33C83F994}.Release|Any CPU.ActiveCfg = Release|Any CPU
		{0DF89B84-BDFD-44EF-B813-5EA33C83F994}.Release|Any CPU.Build.0 = Release|Any CPU
		{0DF89B84-BDFD-44EF-B813-5EA33C83F994}.Release|x64.ActiveCfg = Release|Any CPU
		{0DF89B84-BDFD-44EF-B813-5EA33C83F994}.Release|x64.Build.0 = Release|Any CPU
		{0DF89B84-BDFD-44EF-B813-5EA33C83F994}.Release|x86.ActiveCfg = Release|Any CPU
		{0DF89B84-BDFD-44EF-B813-5EA33C83F994}.Release|x86.Build.0 = Release|Any CPU
		{44AC2F82-2855-4A32-942A-6B0DD95A32ED}.Debug|Any CPU.ActiveCfg = Debug|Any CPU
		{44AC2F82-2855-4A32-942A-6B0DD95A32ED}.Debug|Any CPU.Build.0 = Debug|Any CPU
		{44AC2F82-2855-4A32-942A-6B0DD95A32ED}.Debug|x64.ActiveCfg = Debug|Any CPU
		{44AC2F82-2855-4A32-942A-6B0DD95A32ED}.Debug|x64.Build.0 = Debug|Any CPU
		{44AC2F82-2855-4A32-942A-6B0DD95A32ED}.Debug|x86.ActiveCfg = Debug|Any CPU
		{44AC2F82-2855-4A32-942A-6B0DD95A32ED}.Debug|x86.Build.0 = Debug|Any CPU
		{44AC2F82-2855-4A32-942A-6B0DD95A32ED}.Release|Any CPU.ActiveCfg = Release|Any CPU
		{44AC2F82-2855-4A32-942A-6B0DD95A32ED}.Release|Any CPU.Build.0 = Release|Any CPU
		{44AC2F82-2855-4A32-942A-6B0DD95A32ED}.Release|x64.ActiveCfg = Release|Any CPU
		{44AC2F82-2855-4A32-942A-6B0DD95A32ED}.Release|x64.Build.0 = Release|Any CPU
		{44AC2F82-2855-4A32-942A-6B0DD95A32ED}.Release|x86.ActiveCfg = Release|Any CPU
		{44AC2F82-2855-4A32-942A-6B0DD95A32ED}.Release|x86.Build.0 = Release|Any CPU
		{83450CB5-4861-424F-896C-E2965FAF50F6}.Debug|Any CPU.ActiveCfg = Debug|Any CPU
		{83450CB5-4861-424F-896C-E2965FAF50F6}.Debug|Any CPU.Build.0 = Debug|Any CPU
		{83450CB5-4861-424F-896C-E2965FAF50F6}.Debug|x64.ActiveCfg = Debug|Any CPU
		{83450CB5-4861-424F-896C-E2965FAF50F6}.Debug|x64.Build.0 = Debug|Any CPU
		{83450CB5-4861-424F-896C-E2965FAF50F6}.Debug|x86.ActiveCfg = Debug|Any CPU
		{83450CB5-4861-424F-896C-E2965FAF50F6}.Debug|x86.Build.0 = Debug|Any CPU
		{83450CB5-4861-424F-896C-E2965FAF50F6}.Release|Any CPU.ActiveCfg = Release|Any CPU
		{83450CB5-4861-424F-896C-E2965FAF50F6}.Release|Any CPU.Build.0 = Release|Any CPU
		{83450CB5-4861-424F-896C-E2965FAF50F6}.Release|x64.ActiveCfg = Release|Any CPU
		{83450CB5-4861-424F-896C-E2965FAF50F6}.Release|x64.Build.0 = Release|Any CPU
		{83450CB5-4861-424F-896C-E2965FAF50F6}.Release|x86.ActiveCfg = Release|Any CPU
		{83450CB5-4861-424F-896C-E2965FAF50F6}.Release|x86.Build.0 = Release|Any CPU
		{10BF8E12-4DD4-4D7C-AA71-262070ECA6A8}.Debug|Any CPU.ActiveCfg = Debug|Any CPU
		{10BF8E12-4DD4-4D7C-AA71-262070ECA6A8}.Debug|Any CPU.Build.0 = Debug|Any CPU
		{10BF8E12-4DD4-4D7C-AA71-262070ECA6A8}.Debug|x64.ActiveCfg = Debug|Any CPU
		{10BF8E12-4DD4-4D7C-AA71-262070ECA6A8}.Debug|x64.Build.0 = Debug|Any CPU
		{10BF8E12-4DD4-4D7C-AA71-262070ECA6A8}.Debug|x86.ActiveCfg = Debug|Any CPU
		{10BF8E12-4DD4-4D7C-AA71-262070ECA6A8}.Debug|x86.Build.0 = Debug|Any CPU
		{10BF8E12-4DD4-4D7C-AA71-262070ECA6A8}.Release|Any CPU.ActiveCfg = Release|Any CPU
		{10BF8E12-4DD4-4D7C-AA71-262070ECA6A8}.Release|Any CPU.Build.0 = Release|Any CPU
		{10BF8E12-4DD4-4D7C-AA71-262070ECA6A8}.Release|x64.ActiveCfg = Release|Any CPU
		{10BF8E12-4DD4-4D7C-AA71-262070ECA6A8}.Release|x64.Build.0 = Release|Any CPU
		{10BF8E12-4DD4-4D7C-AA71-262070ECA6A8}.Release|x86.ActiveCfg = Release|Any CPU
		{10BF8E12-4DD4-4D7C-AA71-262070ECA6A8}.Release|x86.Build.0 = Release|Any CPU
	EndGlobalSection
	GlobalSection(SolutionProperties) = preSolution
		HideSolutionNode = FALSE
	EndGlobalSection
	GlobalSection(NestedProjects) = preSolution
		{FA5C8F72-3A64-4F86-A06D-D98C24850702} = {996CEBED-A05B-5D42-3FF0-982E087A2599}
		{A897E55F-9403-41B2-AF14-7F2D4A9FEE4B} = {06CFFD70-14AA-A959-A3BA-1B15D094E3B1}
		{41EFF031-016C-4CE6-93BD-7A80585E07CD} = {C0A49C6C-3C3F-1BB7-B19F-DF25F9BA3C88}
		{DD3112C0-FFE3-4CC5-86A3-DDF45FCEFC11} = {DFEE68D8-A7D0-1A41-506C-9B74AA9A7B7B}
		{D11DB791-6339-442A-8440-E41183416E97} = {06CFFD70-14AA-A959-A3BA-1B15D094E3B1}
		{82904EA5-7B2D-4B96-8DD1-5B12D9E025C1} = {DFEE68D8-A7D0-1A41-506C-9B74AA9A7B7B}
		{0DF89B84-BDFD-44EF-B813-5EA33C83F994} = {DFEE68D8-A7D0-1A41-506C-9B74AA9A7B7B}
		{44AC2F82-2855-4A32-942A-6B0DD95A32ED} = {DFEE68D8-A7D0-1A41-506C-9B74AA9A7B7B}
		{83450CB5-4861-424F-896C-E2965FAF50F6} = {DFEE68D8-A7D0-1A41-506C-9B74AA9A7B7B}
		{10BF8E12-4DD4-4D7C-AA71-262070ECA6A8} = {DFEE68D8-A7D0-1A41-506C-9B74AA9A7B7B}
	EndGlobalSection
EndGlobal
